
Microsoft Visual Studio Solution File, Format Version 12.00
# Visual Studio Version 17
VisualStudioVersion = 17.8.34511.84
MinimumVisualStudioVersion = 10.0.40219.1
Project("{FAE04EC0-301F-11D3-BF4B-00C04F79EFBC}") = "FaccatEx9", "FaccatEx9\FaccatEx9.csproj", "{77248D69-55CB-4DE6-8639-B4E3499E16B9}"
EndProject
Global
	GlobalSection(SolutionConfigurationPlatforms) = preSolution
		Debug|Any CPU = Debug|Any CPU
		Release|Any CPU = Release|Any CPU
	EndGlobalSection
	GlobalSection(ProjectConfigurationPlatforms) = postSolution
		{77248D69-55CB-4DE6-8639-B4E3499E16B9}.Debug|Any CPU.ActiveCfg = Debug|Any CPU
		{77248D69-55CB-4DE6-8639-B4E3499E16B9}.Debug|Any CPU.Build.0 = Debug|Any CPU
		{77248D69-55CB-4DE6-8639-B4E3499E16B9}.Release|Any CPU.ActiveCfg = Release|Any CPU
		{77248D69-55CB-4DE6-8639-B4E3499E16B9}.Release|Any CPU.Build.0 = Release|Any CPU
	EndGlobalSection
	GlobalSection(SolutionProperties) = preSolution
		HideSolutionNode = FALSE
	EndGlobalSection
	GlobalSection(ExtensibilityGlobals) = postSolution
		SolutionGuid = {0FFA3811-2703-4B6B-8876-AE271485E7F7}
	EndGlobalSection
EndGlobal
