
Microsoft Visual Studio Solution File, Format Version 12.00
# Visual Studio Version 17
VisualStudioVersion = 17.8.34511.84
MinimumVisualStudioVersion = 10.0.40219.1
Project("{FAE04EC0-301F-11D3-BF4B-00C04F79EFBC}") = "FaccatEx6", "FaccatEx6\FaccatEx6.csproj", "{12892BC7-8696-40E3-9A72-4405687D979E}"
EndProject
Global
	GlobalSection(SolutionConfigurationPlatforms) = preSolution
		Debug|Any CPU = Debug|Any CPU
		Release|Any CPU = Release|Any CPU
	EndGlobalSection
	GlobalSection(ProjectConfigurationPlatforms) = postSolution
		{12892BC7-8696-40E3-9A72-4405687D979E}.Debug|Any CPU.ActiveCfg = Debug|Any CPU
		{12892BC7-8696-40E3-9A72-4405687D979E}.Debug|Any CPU.Build.0 = Debug|Any CPU
		{12892BC7-8696-40E3-9A72-4405687D979E}.Release|Any CPU.ActiveCfg = Release|Any CPU
		{12892BC7-8696-40E3-9A72-4405687D979E}.Release|Any CPU.Build.0 = Release|Any CPU
	EndGlobalSection
	GlobalSection(SolutionProperties) = preSolution
		HideSolutionNode = FALSE
	EndGlobalSection
	GlobalSection(ExtensibilityGlobals) = postSolution
		SolutionGuid = {894F77F6-2EAF-4AB8-9B47-D64DD2513B76}
	EndGlobalSection
EndGlobal
